
Microsoft Visual Studio Solution File, Format Version 12.00
Project("{FAE04EC0-301F-11D3-BF4B-00C04F79EFBC}") = "ApiGateway", "ApiGateway\ApiGateway.csproj", "{4678BBF4-9202-4734-8774-A291D0B31DCC}"
EndProject
Project("{2150E333-8FDC-42A3-9474-1A3956D46DE8}") = "Services", "Services", "{9E656C3E-AFB6-4B8C-AA20-0D25399B85DB}"
EndProject
Project("{2150E333-8FDC-42A3-9474-1A3956D46DE8}") = "ContactAPI", "ContactAPI", "{797BC04D-6525-4C8E-90CB-D6CE6ED8DC6D}"
EndProject
Project("{FAE04EC0-301F-11D3-BF4B-00C04F79EFBC}") = "Contact.API", "Services\ContactAPI\Contact.API\Contact.API.csproj", "{70813A0C-32EA-4935-B31D-16B517CA9759}"
EndProject
Project("{FAE04EC0-301F-11D3-BF4B-00C04F79EFBC}") = "Contact.API.Infrastructre", "Services\ContactAPI\Contact.API.Infrastructre\Contact.API.Infrastructre.csproj", "{56F1329E-5307-40F6-9ED2-4AF84F974C12}"
EndProject
Project("{FAE04EC0-301F-11D3-BF4B-00C04F79EFBC}") = "Contact.API.Models", "Services\ContactAPI\Contact.API.Models\Contact.API.Models.csproj", "{166C8378-6095-4901-A47B-643E2B714CA3}"
EndProject
Project("{FAE04EC0-301F-11D3-BF4B-00C04F79EFBC}") = "Contact.API.Services", "Services\ContactAPI\Contact.API.Services\Contact.API.Services.csproj", "{8722AAEA-3ABF-43F7-A944-A867BFAEBCAF}"
EndProject
Project("{2150E333-8FDC-42A3-9474-1A3956D46DE8}") = "ReservationAPI", "ReservationAPI", "{5E8F7C62-48AE-4FE7-8413-0E1412DB928C}"
EndProject
Project("{FAE04EC0-301F-11D3-BF4B-00C04F79EFBC}") = "Reservation.API", "Services\ReservationAPI\Reservation.API\Reservation.API.csproj", "{59C413DA-EBDD-43FE-89B8-867949D8A3EF}"
EndProject
Project("{FAE04EC0-301F-11D3-BF4B-00C04F79EFBC}") = "Reservation.Infrastructure", "Services\ReservationAPI\Reservation.Infrastructure\Reservation.Infrastructure.csproj", "{13D8FA14-9A71-4716-B774-D1EF18A6396D}"
EndProject
Project("{FAE04EC0-301F-11D3-BF4B-00C04F79EFBC}") = "Reservation.Services", "Services\ReservationAPI\Reservation.Services\Reservation.Services.csproj", "{DAB396A5-BDCF-4DDE-B55D-C98F6268DFF3}"
EndProject
Project("{FAE04EC0-301F-11D3-BF4B-00C04F79EFBC}") = "Reservation.Models", "Services\ReservationAPI\Reservation.Models\Reservation.Models.csproj", "{9B0DB014-6883-4B8F-8B05-055717A4253E}"
EndProject
Global
	GlobalSection(SolutionConfigurationPlatforms) = preSolution
		Debug|Any CPU = Debug|Any CPU
		Release|Any CPU = Release|Any CPU
	EndGlobalSection
	GlobalSection(ProjectConfigurationPlatforms) = postSolution
		{4678BBF4-9202-4734-8774-A291D0B31DCC}.Debug|Any CPU.ActiveCfg = Debug|Any CPU
		{4678BBF4-9202-4734-8774-A291D0B31DCC}.Debug|Any CPU.Build.0 = Debug|Any CPU
		{4678BBF4-9202-4734-8774-A291D0B31DCC}.Release|Any CPU.ActiveCfg = Release|Any CPU
		{4678BBF4-9202-4734-8774-A291D0B31DCC}.Release|Any CPU.Build.0 = Release|Any CPU
		{70813A0C-32EA-4935-B31D-16B517CA9759}.Debug|Any CPU.ActiveCfg = Debug|Any CPU
		{70813A0C-32EA-4935-B31D-16B517CA9759}.Debug|Any CPU.Build.0 = Debug|Any CPU
		{70813A0C-32EA-4935-B31D-16B517CA9759}.Release|Any CPU.ActiveCfg = Release|Any CPU
		{70813A0C-32EA-4935-B31D-16B517CA9759}.Release|Any CPU.Build.0 = Release|Any CPU
		{56F1329E-5307-40F6-9ED2-4AF84F974C12}.Debug|Any CPU.ActiveCfg = Debug|Any CPU
		{56F1329E-5307-40F6-9ED2-4AF84F974C12}.Debug|Any CPU.Build.0 = Debug|Any CPU
		{56F1329E-5307-40F6-9ED2-4AF84F974C12}.Release|Any CPU.ActiveCfg = Release|Any CPU
		{56F1329E-5307-40F6-9ED2-4AF84F974C12}.Release|Any CPU.Build.0 = Release|Any CPU
		{166C8378-6095-4901-A47B-643E2B714CA3}.Debug|Any CPU.ActiveCfg = Debug|Any CPU
		{166C8378-6095-4901-A47B-643E2B714CA3}.Debug|Any CPU.Build.0 = Debug|Any CPU
		{166C8378-6095-4901-A47B-643E2B714CA3}.Release|Any CPU.ActiveCfg = Release|Any CPU
		{166C8378-6095-4901-A47B-643E2B714CA3}.Release|Any CPU.Build.0 = Release|Any CPU
		{8722AAEA-3ABF-43F7-A944-A867BFAEBCAF}.Debug|Any CPU.ActiveCfg = Debug|Any CPU
		{8722AAEA-3ABF-43F7-A944-A867BFAEBCAF}.Debug|Any CPU.Build.0 = Debug|Any CPU
		{8722AAEA-3ABF-43F7-A944-A867BFAEBCAF}.Release|Any CPU.ActiveCfg = Release|Any CPU
		{8722AAEA-3ABF-43F7-A944-A867BFAEBCAF}.Release|Any CPU.Build.0 = Release|Any CPU
		{59C413DA-EBDD-43FE-89B8-867949D8A3EF}.Debug|Any CPU.ActiveCfg = Debug|Any CPU
		{59C413DA-EBDD-43FE-89B8-867949D8A3EF}.Debug|Any CPU.Build.0 = Debug|Any CPU
		{59C413DA-EBDD-43FE-89B8-867949D8A3EF}.Release|Any CPU.ActiveCfg = Release|Any CPU
		{59C413DA-EBDD-43FE-89B8-867949D8A3EF}.Release|Any CPU.Build.0 = Release|Any CPU
		{13D8FA14-9A71-4716-B774-D1EF18A6396D}.Debug|Any CPU.ActiveCfg = Debug|Any CPU
		{13D8FA14-9A71-4716-B774-D1EF18A6396D}.Debug|Any CPU.Build.0 = Debug|Any CPU
		{13D8FA14-9A71-4716-B774-D1EF18A6396D}.Release|Any CPU.ActiveCfg = Release|Any CPU
		{13D8FA14-9A71-4716-B774-D1EF18A6396D}.Release|Any CPU.Build.0 = Release|Any CPU
		{DAB396A5-BDCF-4DDE-B55D-C98F6268DFF3}.Debug|Any CPU.ActiveCfg = Debug|Any CPU
		{DAB396A5-BDCF-4DDE-B55D-C98F6268DFF3}.Debug|Any CPU.Build.0 = Debug|Any CPU
		{DAB396A5-BDCF-4DDE-B55D-C98F6268DFF3}.Release|Any CPU.ActiveCfg = Release|Any CPU
		{DAB396A5-BDCF-4DDE-B55D-C98F6268DFF3}.Release|Any CPU.Build.0 = Release|Any CPU
		{9B0DB014-6883-4B8F-8B05-055717A4253E}.Debug|Any CPU.ActiveCfg = Debug|Any CPU
		{9B0DB014-6883-4B8F-8B05-055717A4253E}.Debug|Any CPU.Build.0 = Debug|Any CPU
		{9B0DB014-6883-4B8F-8B05-055717A4253E}.Release|Any CPU.ActiveCfg = Release|Any CPU
		{9B0DB014-6883-4B8F-8B05-055717A4253E}.Release|Any CPU.Build.0 = Release|Any CPU
	EndGlobalSection
	GlobalSection(NestedProjects) = preSolution
		{797BC04D-6525-4C8E-90CB-D6CE6ED8DC6D} = {9E656C3E-AFB6-4B8C-AA20-0D25399B85DB}
		{70813A0C-32EA-4935-B31D-16B517CA9759} = {797BC04D-6525-4C8E-90CB-D6CE6ED8DC6D}
		{56F1329E-5307-40F6-9ED2-4AF84F974C12} = {797BC04D-6525-4C8E-90CB-D6CE6ED8DC6D}
		{166C8378-6095-4901-A47B-643E2B714CA3} = {797BC04D-6525-4C8E-90CB-D6CE6ED8DC6D}
		{8722AAEA-3ABF-43F7-A944-A867BFAEBCAF} = {797BC04D-6525-4C8E-90CB-D6CE6ED8DC6D}
		{5E8F7C62-48AE-4FE7-8413-0E1412DB928C} = {9E656C3E-AFB6-4B8C-AA20-0D25399B85DB}
		{59C413DA-EBDD-43FE-89B8-867949D8A3EF} = {5E8F7C62-48AE-4FE7-8413-0E1412DB928C}
		{13D8FA14-9A71-4716-B774-D1EF18A6396D} = {5E8F7C62-48AE-4FE7-8413-0E1412DB928C}
		{DAB396A5-BDCF-4DDE-B55D-C98F6268DFF3} = {5E8F7C62-48AE-4FE7-8413-0E1412DB928C}
		{9B0DB014-6883-4B8F-8B05-055717A4253E} = {5E8F7C62-48AE-4FE7-8413-0E1412DB928C}
	EndGlobalSection
EndGlobal
